
Microsoft Visual Studio Solution File, Format Version 12.00
# Visual Studio Version 16
VisualStudioVersion = 16.0.30503.244
MinimumVisualStudioVersion = 10.0.40219.1
Project("{FAE04EC0-301F-11D3-BF4B-00C04F79EFBC}") = "TaskTriangle", "TaskTriangle\TaskTriangle.csproj", "{EF329653-F809-403D-9884-A6D1B5BD9BE8}"
EndProject
Global
	GlobalSection(SolutionConfigurationPlatforms) = preSolution
		Debug|Any CPU = Debug|Any CPU
		Release|Any CPU = Release|Any CPU
	EndGlobalSection
	GlobalSection(ProjectConfigurationPlatforms) = postSolution
		{EF329653-F809-403D-9884-A6D1B5BD9BE8}.Debug|Any CPU.ActiveCfg = Debug|Any CPU
		{EF329653-F809-403D-9884-A6D1B5BD9BE8}.Debug|Any CPU.Build.0 = Debug|Any CPU
		{EF329653-F809-403D-9884-A6D1B5BD9BE8}.Release|Any CPU.ActiveCfg = Release|Any CPU
		{EF329653-F809-403D-9884-A6D1B5BD9BE8}.Release|Any CPU.Build.0 = Release|Any CPU
	EndGlobalSection
	GlobalSection(SolutionProperties) = preSolution
		HideSolutionNode = FALSE
	EndGlobalSection
	GlobalSection(ExtensibilityGlobals) = postSolution
		SolutionGuid = {B30C7BDC-8F7C-473A-BE8E-AF77CA00EB80}
	EndGlobalSection
EndGlobal
